PODS:
  - IGListKit (1.0.0)
  - KTCenterFlowLayout (1.3.1)

DEPENDENCIES:
  - IGListKit (from `../IGListKit.podspec`)
  - KTCenterFlowLayout

EXTERNAL SOURCES:
  IGListKit:
    :path: "../IGListKit.podspec"

SPEC CHECKSUMS:
  IGListKit: 3242c475fa77e2abf2d4de319703088008fbe9b9
  KTCenterFlowLayout: 6e02b50ab2bd865025ae82fe266ed13b6d9eaf97

PODFILE CHECKSUM: f791d1b912e0234b763db08cd70809cd32aae219

COCOAPODS: 1.1.0.rc.2
